{
    "hash": "5522a45c2d0bcb7f57a11a858d4a5e22",
    "packages": [
        {
            "package": "doctrine/common",
            "version": "2.2.2"
        },
        {
            "package": "doctrine/couchdb",
            "version": "dev-master",
            "source-reference": "cff7652ccdcb72f573fbdf698a7649aa9f126745"
        },
        {
            "package": "symfony/console",
            "version": "dev-master",
            "source-reference": "8d58af16c425977018293eb0a1570c9629b37994"
        }
    ],
    "packages-dev": null,
    "aliases": [

    ]
}
